// !$*UTF8*$!
{
	archiveVersion = 1;
	classes = {
	};
	objectVersion = 46;
	objects = {

/* Begin PBXBuildFile section */
		08362CA91E6D33F100FDB83F /* ImageStore.swift in Sources */ = {isa = PBXBuildFile; fileRef = 08362CA81E6D33F100FDB83F /* ImageStore.swift */; };
		08362CAF1E6D3DFD00FDB83F /* UIImageView+Extension.swift in Sources */ = {isa = PBXBuildFile; fileRef = 08362CAE1E6D3DFD00FDB83F /* UIImageView+Extension.swift */; };
		0838B1E31E6555190053335D /* DirectionService.swift in Sources */ = {isa = PBXBuildFile; fileRef = 0838B1E21E6555190053335D /* DirectionService.swift */; };
		086E09261E6FD39C00BBF924 /* SearchViewController.swift in Sources */ = {isa = PBXBuildFile; fileRef = 086E09251E6FD39C00BBF924 /* SearchViewController.swift */; };
		08DE10301E7146CD00F3CF3C /* Localizable.strings in Resources */ = {isa = PBXBuildFile; fileRef = 55961AD71E6FE22F0032DFD6 /* Localizable.strings */; };
		08DE10321E71471600F3CF3C /* Assets.xcassets in Resources */ = {isa = PBXBuildFile; fileRef = 08DE10311E71471600F3CF3C /* Assets.xcassets */; };
		08F5A8A61E6D5C9300878E22 /* MapIPitchControllers.swift in Sources */ = {isa = PBXBuildFile; fileRef = 08F5A8A41E6D5C9300878E22 /* MapIPitchControllers.swift */; };
		08F5A8A71E6D5C9300878E22 /* StadiumCell.swift in Sources */ = {isa = PBXBuildFile; fileRef = 08F5A8A51E6D5C9300878E22 /* StadiumCell.swift */; };
		08F5A8A81E6D5E6900878E22 /* MapIPitch.storyboard in Resources */ = {isa = PBXBuildFile; fileRef = 55FA97CB1E6578610052C22C /* MapIPitch.storyboard */; };
		08F5A8A91E6D5FEF00878E22 /* GoogleService-Info.plist in Resources */ = {isa = PBXBuildFile; fileRef = 114416FF1E640AFB00B95D18 /* GoogleService-Info.plist */; };
		1128A2561E6D2FB2000DDBC0 /* Date+Extension.swift in Sources */ = {isa = PBXBuildFile; fileRef = 1128A2551E6D2FB2000DDBC0 /* Date+Extension.swift */; };
		1128A2581E6D2FC0000DDBC0 /* String+Extension.swift in Sources */ = {isa = PBXBuildFile; fileRef = 1128A2571E6D2FC0000DDBC0 /* String+Extension.swift */; };
		1128A25C1E6D4B8E000DDBC0 /* BigMapViewController.swift in Sources */ = {isa = PBXBuildFile; fileRef = 1128A25B1E6D4B8E000DDBC0 /* BigMapViewController.swift */; };
		113207281E691AEE008110C3 /* EditPitchViewController.swift in Sources */ = {isa = PBXBuildFile; fileRef = 113207271E691AEE008110C3 /* EditPitchViewController.swift */; };
		114417041E64206400B95D18 /* District.swift in Sources */ = {isa = PBXBuildFile; fileRef = 114417031E64206400B95D18 /* District.swift */; };
		1144170A1E6432BD00B95D18 /* PitchService.swift in Sources */ = {isa = PBXBuildFile; fileRef = 114417091E6432BD00B95D18 /* PitchService.swift */; };
		1144170C1E64334700B95D18 /* OrderService.swift in Sources */ = {isa = PBXBuildFile; fileRef = 1144170B1E64334700B95D18 /* OrderService.swift */; };
		117E30AA1E6E6F0C0050335F /* OrderExtra.storyboard in Resources */ = {isa = PBXBuildFile; fileRef = 117E30A91E6E6F0C0050335F /* OrderExtra.storyboard */; };
		117E30AC1E6E70BD0050335F /* OrderViewController.swift in Sources */ = {isa = PBXBuildFile; fileRef = 117E30AB1E6E70BD0050335F /* OrderViewController.swift */; };
		1187459E1E6922E600BC8664 /* PickerViewController.swift in Sources */ = {isa = PBXBuildFile; fileRef = 1187459D1E6922E600BC8664 /* PickerViewController.swift */; };
		11A359CC1E665F4200ABEF43 /* Order.swift in Sources */ = {isa = PBXBuildFile; fileRef = 11A359CA1E665F4200ABEF43 /* Order.swift */; };
		11A359CD1E665F4200ABEF43 /* Pitch.swift in Sources */ = {isa = PBXBuildFile; fileRef = 11A359CB1E665F4200ABEF43 /* Pitch.swift */; };
		11A359CF1E66754200ABEF43 /* DistrictService.swift in Sources */ = {isa = PBXBuildFile; fileRef = 11A359CE1E66754200ABEF43 /* DistrictService.swift */; };
		11A359D11E66809500ABEF43 /* StorageService.swift in Sources */ = {isa = PBXBuildFile; fileRef = 11A359D01E66809500ABEF43 /* StorageService.swift */; };
		11C60E1C1E68FBB2001D8CC8 /* PitchExtra.storyboard in Resources */ = {isa = PBXBuildFile; fileRef = 11C60E1B1E68FBB2001D8CC8 /* PitchExtra.storyboard */; };
		11DEF7B11E6FB122002D7E81 /* PitchInfoViewController.swift in Sources */ = {isa = PBXBuildFile; fileRef = 11DEF7B01E6FB122002D7E81 /* PitchInfoViewController.swift */; };
		11DEF7B31E6FBADE002D7E81 /* GMSMapView+Extension.swift in Sources */ = {isa = PBXBuildFile; fileRef = 11DEF7B21E6FBADE002D7E81 /* GMSMapView+Extension.swift */; };
		11DEF7B51E6FDF79002D7E81 /* UIViewController+Extension.swift in Sources */ = {isa = PBXBuildFile; fileRef = 11DEF7B41E6FDF79002D7E81 /* UIViewController+Extension.swift */; };
		11DEF7B71E6FE65B002D7E81 /* UIStoryboard+Extension.swift in Sources */ = {isa = PBXBuildFile; fileRef = 11DEF7B61E6FE65B002D7E81 /* UIStoryboard+Extension.swift */; };
		11E3FCDF1E63B64400875339 /* AppDelegate.swift in Sources */ = {isa = PBXBuildFile; fileRef = 11E3FCDE1E63B64400875339 /* AppDelegate.swift */; };
		11E3FCFD1E63B8E700875339 /* LaunchScreen.storyboard in Resources */ = {isa = PBXBuildFile; fileRef = 11E3FCF51E63B8E700875339 /* LaunchScreen.storyboard */; };
		11E3FCFE1E63B8E700875339 /* Main.storyboard in Resources */ = {isa = PBXBuildFile; fileRef = 11E3FCF61E63B8E700875339 /* Main.storyboard */; };
		11E3FD011E63B98E00875339 /* Constants.swift in Sources */ = {isa = PBXBuildFile; fileRef = 11E3FD001E63B98E00875339 /* Constants.swift */; };
		11E3FD071E63BA3B00875339 /* UIView+Extension.swift in Sources */ = {isa = PBXBuildFile; fileRef = 11E3FD061E63BA3B00875339 /* UIView+Extension.swift */; };
		542D067EEB331F6BB8E2E1F3 /* Pods_iPitch.framework in Frameworks */ = {isa = PBXBuildFile; fileRef = 32035D11ED8A0A1652AB1A1A /* Pods_iPitch.framework */; };
		550C119A1E6E6CCC008F3C51 /* Manager.storyboard in Resources */ = {isa = PBXBuildFile; fileRef = 550C11991E6E6CCC008F3C51 /* Manager.storyboard */; };
		55125A8D1E66D7E500A3D373 /* WindowManager.swift in Sources */ = {isa = PBXBuildFile; fileRef = 55125A8C1E66D7E500A3D373 /* WindowManager.swift */; };
		5547D2271E6E5D6B00231BE2 /* PitchDetailViewController.swift in Sources */ = {isa = PBXBuildFile; fileRef = 5547D2261E6E5D6B00231BE2 /* PitchDetailViewController.swift */; };
		555C42F71E69563500DB9183 /* LoginViewController.swift in Sources */ = {isa = PBXBuildFile; fileRef = 555F33871E64262400E6851F /* LoginViewController.swift */; };
		555C42F81E69563A00DB9183 /* RegisterViewController.swift in Sources */ = {isa = PBXBuildFile; fileRef = 555F33891E64265F00E6851F /* RegisterViewController.swift */; };
		558390AC1E69026700EBBE21 /* PitchListTableViewController.swift in Sources */ = {isa = PBXBuildFile; fileRef = 558390AB1E69026700EBBE21 /* PitchListTableViewController.swift */; };
		558390AF1E6902CD00EBBE21 /* PitchListCell.swift in Sources */ = {isa = PBXBuildFile; fileRef = 558390AD1E6902CD00EBBE21 /* PitchListCell.swift */; };
		558390B01E6902CD00EBBE21 /* PitchListCell.xib in Resources */ = {isa = PBXBuildFile; fileRef = 558390AE1E6902CD00EBBE21 /* PitchListCell.xib */; };
		55961AD51E6FE2020032DFD6 /* InfoPlist.strings in Resources */ = {isa = PBXBuildFile; fileRef = 55961AD01E6FE2020032DFD6 /* InfoPlist.strings */; };
		55A125C61E67BC0600456844 /* User.swift in Sources */ = {isa = PBXBuildFile; fileRef = 55A125C51E67BC0600456844 /* User.swift */; };
		55C58FCC1E69880C00736674 /* MainViewController.swift in Sources */ = {isa = PBXBuildFile; fileRef = 55C58FCB1E69880C00736674 /* MainViewController.swift */; };
/* End PBXBuildFile section */

/* Begin PBXFileReference section */
		08362CA81E6D33F100FDB83F /* ImageStore.swift */ = {isa = PBXFileReference; fileEncoding = 4; lastKnownFileType = sourcecode.swift; path = ImageStore.swift; sourceTree = "<group>"; };
		08362CAE1E6D3DFD00FDB83F /* UIImageView+Extension.swift */ = {isa = PBXFileReference; fileEncoding = 4; lastKnownFileType = sourcecode.swift; path = "UIImageView+Extension.swift"; sourceTree = "<group>"; };
		0838B1E21E6555190053335D /* DirectionService.swift */ = {isa = PBXFileReference; fileEncoding = 4; lastKnownFileType = sourcecode.swift; path = DirectionService.swift; sourceTree = "<group>"; };
		086E09251E6FD39C00BBF924 /* SearchViewController.swift */ = {isa = PBXFileReference; fileEncoding = 4; lastKnownFileType = sourcecode.swift; path = SearchViewController.swift; sourceTree = "<group>"; };
		08DE10311E71471600F3CF3C /* Assets.xcassets */ = {isa = PBXFileReference; lastKnownFileType = folder.assetcatalog; path = Assets.xcassets; sourceTree = "<group>"; };
		08F5A8A41E6D5C9300878E22 /* MapIPitchControllers.swift */ = {isa = PBXFileReference; fileEncoding = 4; lastKnownFileType = sourcecode.swift; path = MapIPitchControllers.swift; sourceTree = "<group>"; };
		08F5A8A51E6D5C9300878E22 /* StadiumCell.swift */ = {isa = PBXFileReference; fileEncoding = 4; lastKnownFileType = sourcecode.swift; path = StadiumCell.swift; sourceTree = "<group>"; };
		1128A2551E6D2FB2000DDBC0 /* Date+Extension.swift */ = {isa = PBXFileReference; fileEncoding = 4; lastKnownFileType = sourcecode.swift; path = "Date+Extension.swift"; sourceTree = "<group>"; };
		1128A2571E6D2FC0000DDBC0 /* String+Extension.swift */ = {isa = PBXFileReference; fileEncoding = 4; lastKnownFileType = sourcecode.swift; path = "String+Extension.swift"; sourceTree = "<group>"; };
		1128A25B1E6D4B8E000DDBC0 /* BigMapViewController.swift */ = {isa = PBXFileReference; fileEncoding = 4; lastKnownFileType = sourcecode.swift; path = BigMapViewController.swift; sourceTree = "<group>"; };
		113207271E691AEE008110C3 /* EditPitchViewController.swift */ = {isa = PBXFileReference; fileEncoding = 4; lastKnownFileType = sourcecode.swift; path = EditPitchViewController.swift; sourceTree = "<group>"; };
		114416FF1E640AFB00B95D18 /* GoogleService-Info.plist */ = {isa = PBXFileReference; fileEncoding = 4; lastKnownFileType = text.plist.xml; path = "GoogleService-Info.plist"; sourceTree = "<group>"; };
		114417031E64206400B95D18 /* District.swift */ = {isa = PBXFileReference; fileEncoding = 4; lastKnownFileType = sourcecode.swift; path = District.swift; sourceTree = "<group>"; };
		114417091E6432BD00B95D18 /* PitchService.swift */ = {isa = PBXFileReference; fileEncoding = 4; lastKnownFileType = sourcecode.swift; path = PitchService.swift; sourceTree = "<group>"; };
		1144170B1E64334700B95D18 /* OrderService.swift */ = {isa = PBXFileReference; fileEncoding = 4; lastKnownFileType = sourcecode.swift; path = OrderService.swift; sourceTree = "<group>"; };
		117E30A91E6E6F0C0050335F /* OrderExtra.storyboard */ = {isa = PBXFileReference; fileEncoding = 4; lastKnownFileType = file.storyboard; path = OrderExtra.storyboard; sourceTree = "<group>"; };
		117E30AB1E6E70BD0050335F /* OrderViewController.swift */ = {isa = PBXFileReference; fileEncoding = 4; lastKnownFileType = sourcecode.swift; path = OrderViewController.swift; sourceTree = "<group>"; };
		1187459D1E6922E600BC8664 /* PickerViewController.swift */ = {isa = PBXFileReference; fileEncoding = 4; lastKnownFileType = sourcecode.swift; path = PickerViewController.swift; sourceTree = "<group>"; };
		11A359CA1E665F4200ABEF43 /* Order.swift */ = {isa = PBXFileReference; fileEncoding = 4; lastKnownFileType = sourcecode.swift; path = Order.swift; sourceTree = "<group>"; };
		11A359CB1E665F4200ABEF43 /* Pitch.swift */ = {isa = PBXFileReference; fileEncoding = 4; lastKnownFileType = sourcecode.swift; path = Pitch.swift; sourceTree = "<group>"; };
		11A359CE1E66754200ABEF43 /* DistrictService.swift */ = {isa = PBXFileReference; fileEncoding = 4; lastKnownFileType = sourcecode.swift; path = DistrictService.swift; sourceTree = "<group>"; };
		11A359D01E66809500ABEF43 /* StorageService.swift */ = {isa = PBXFileReference; fileEncoding = 4; lastKnownFileType = sourcecode.swift; path = StorageService.swift; sourceTree = "<group>"; };
		11C60E1B1E68FBB2001D8CC8 /* PitchExtra.storyboard */ = {isa = PBXFileReference; fileEncoding = 4; lastKnownFileType = file.storyboard; path = PitchExtra.storyboard; sourceTree = "<group>"; };
		11DEF7B01E6FB122002D7E81 /* PitchInfoViewController.swift */ = {isa = PBXFileReference; fileEncoding = 4; lastKnownFileType = sourcecode.swift; path = PitchInfoViewController.swift; sourceTree = "<group>"; };
		11DEF7B21E6FBADE002D7E81 /* GMSMapView+Extension.swift */ = {isa = PBXFileReference; fileEncoding = 4; lastKnownFileType = sourcecode.swift; path = "GMSMapView+Extension.swift"; sourceTree = "<group>"; };
		11DEF7B41E6FDF79002D7E81 /* UIViewController+Extension.swift */ = {isa = PBXFileReference; fileEncoding = 4; lastKnownFileType = sourcecode.swift; path = "UIViewController+Extension.swift"; sourceTree = "<group>"; };
		11DEF7B61E6FE65B002D7E81 /* UIStoryboard+Extension.swift */ = {isa = PBXFileReference; fileEncoding = 4; lastKnownFileType = sourcecode.swift; path = "UIStoryboard+Extension.swift"; sourceTree = "<group>"; };
		11E3FCDB1E63B64400875339 /* iPitch.app */ = {isa = PBXFileReference; explicitFileType = wrapper.application; includeInIndex = 0; path = iPitch.app; sourceTree = BUILT_PRODUCTS_DIR; };
		11E3FCDE1E63B64400875339 /* AppDelegate.swift */ = {isa = PBXFileReference; lastKnownFileType = sourcecode.swift; path = AppDelegate.swift; sourceTree = "<group>"; };
		11E3FCEA1E63B64400875339 /* Info.plist */ = {isa = PBXFileReference; lastKnownFileType = text.plist.xml; path = Info.plist; sourceTree = "<group>"; };
		11E3FCF51E63B8E700875339 /* LaunchScreen.storyboard */ = {isa = PBXFileReference; fileEncoding = 4; lastKnownFileType = file.storyboard; path = LaunchScreen.storyboard; sourceTree = "<group>"; };
		11E3FCF61E63B8E700875339 /* Main.storyboard */ = {isa = PBXFileReference; fileEncoding = 4; lastKnownFileType = file.storyboard; path = Main.storyboard; sourceTree = "<group>"; };
		11E3FD001E63B98E00875339 /* Constants.swift */ = {isa = PBXFileReference; fileEncoding = 4; lastKnownFileType = sourcecode.swift; path = Constants.swift; sourceTree = "<group>"; };
		11E3FD061E63BA3B00875339 /* UIView+Extension.swift */ = {isa = PBXFileReference; fileEncoding = 4; lastKnownFileType = sourcecode.swift; path = "UIView+Extension.swift"; sourceTree = "<group>"; };
		2E0E84E920B86790F5EDD666 /* Pods-iPitch.debug.xcconfig */ = {isa = PBXFileReference; includeInIndex = 1; lastKnownFileType = text.xcconfig; name = "Pods-iPitch.debug.xcconfig"; path = "Pods/Target Support Files/Pods-iPitch/Pods-iPitch.debug.xcconfig"; sourceTree = "<group>"; };
		32035D11ED8A0A1652AB1A1A /* Pods_iPitch.framework */ = {isa = PBXFileReference; explicitFileType = wrapper.framework; includeInIndex = 0; path = Pods_iPitch.framework; sourceTree = BUILT_PRODUCTS_DIR; };
		550C11991E6E6CCC008F3C51 /* Manager.storyboard */ = {isa = PBXFileReference; fileEncoding = 4; lastKnownFileType = file.storyboard; path = Manager.storyboard; sourceTree = "<group>"; };
		55125A8C1E66D7E500A3D373 /* WindowManager.swift */ = {isa = PBXFileReference; fileEncoding = 4; lastKnownFileType = sourcecode.swift; path = WindowManager.swift; sourceTree = "<group>"; };
		5547D2261E6E5D6B00231BE2 /* PitchDetailViewController.swift */ = {isa = PBXFileReference; fileEncoding = 4; lastKnownFileType = sourcecode.swift; path = PitchDetailViewController.swift; sourceTree = "<group>"; };
		555F33871E64262400E6851F /* LoginViewController.swift */ = {isa = PBXFileReference; fileEncoding = 4; lastKnownFileType = sourcecode.swift; path = LoginViewController.swift; sourceTree = "<group>"; };
		555F33891E64265F00E6851F /* RegisterViewController.swift */ = {isa = PBXFileReference; fileEncoding = 4; lastKnownFileType = sourcecode.swift; path = RegisterViewController.swift; sourceTree = "<group>"; };
		558390AB1E69026700EBBE21 /* PitchListTableViewController.swift */ = {isa = PBXFileReference; fileEncoding = 4; lastKnownFileType = sourcecode.swift; path = PitchListTableViewController.swift; sourceTree = "<group>"; };
		558390AD1E6902CD00EBBE21 /* PitchListCell.swift */ = {isa = PBXFileReference; fileEncoding = 4; lastKnownFileType = sourcecode.swift; path = PitchListCell.swift; sourceTree = "<group>"; };
		558390AE1E6902CD00EBBE21 /* PitchListCell.xib */ = {isa = PBXFileReference; fileEncoding = 4; lastKnownFileType = file.xib; path = PitchListCell.xib; sourceTree = "<group>"; };
		55961AD01E6FE2020032DFD6 /* InfoPlist.strings */ = {isa = PBXFileReference; fileEncoding = 4; lastKnownFileType = text.plist.strings; path = InfoPlist.strings; sourceTree = "<group>"; };
		55961AD81E6FE22F0032DFD6 /* Base */ = {isa = PBXFileReference; lastKnownFileType = text.plist.strings; name = Base; path = Base.lproj/Localizable.strings; sourceTree = "<group>"; };
		55961ADA1E6FE2370032DFD6 /* vi */ = {isa = PBXFileReference; lastKnownFileType = text.plist.strings; name = vi; path = vi.lproj/Localizable.strings; sourceTree = "<group>"; };
		55A125C51E67BC0600456844 /* User.swift */ = {isa = PBXFileReference; fileEncoding = 4; lastKnownFileType = sourcecode.swift; path = User.swift; sourceTree = "<group>"; };
		55C58FCB1E69880C00736674 /* MainViewController.swift */ = {isa = PBXFileReference; fileEncoding = 4; lastKnownFileType = sourcecode.swift; path = MainViewController.swift; sourceTree = "<group>"; };
		55FA97CB1E6578610052C22C /* MapIPitch.storyboard */ = {isa = PBXFileReference; fileEncoding = 4; lastKnownFileType = file.storyboard; path = MapIPitch.storyboard; sourceTree = "<group>"; };
		AAE7DE31520837DD485E60FD /* Pods-iPitch.release.xcconfig */ = {isa = PBXFileReference; includeInIndex = 1; lastKnownFileType = text.xcconfig; name = "Pods-iPitch.release.xcconfig"; path = "Pods/Target Support Files/Pods-iPitch/Pods-iPitch.release.xcconfig"; sourceTree = "<group>"; };
/* End PBXFileReference section */

/* Begin PBXFrameworksBuildPhase section */
		11E3FCD81E63B64400875339 /* Frameworks */ = {
			isa = PBXFrameworksBuildPhase;
			buildActionMask = 2147483647;
			files = (
				542D067EEB331F6BB8E2E1F3 /* Pods_iPitch.framework in Frameworks */,
			);
			runOnlyForDeploymentPostprocessing = 0;
		};
/* End PBXFrameworksBuildPhase section */

/* Begin PBXGroup section */
		08362CA31E6D312F00FDB83F /* DataStore */ = {
			isa = PBXGroup;
			children = (
				08362CA81E6D33F100FDB83F /* ImageStore.swift */,
			);
			path = DataStore;
			sourceTree = "<group>";
		};
		11E3FCD21E63B64400875339 = {
			isa = PBXGroup;
			children = (
				11E3FCDD1E63B64400875339 /* iPitch */,
				11E3FCDC1E63B64400875339 /* Products */,
				BA97C5ED8D2A4EB9E5A6F250 /* Pods */,
				68F2230D5DDBEC6A237A9795 /* Frameworks */,
			);
			sourceTree = "<group>";
		};
		11E3FCDC1E63B64400875339 /* Products */ = {
			isa = PBXGroup;
			children = (
				11E3FCDB1E63B64400875339 /* iPitch.app */,
			);
			name = Products;
			sourceTree = "<group>";
		};
		11E3FCDD1E63B64400875339 /* iPitch */ = {
			isa = PBXGroup;
			children = (
				08362CA31E6D312F00FDB83F /* DataStore */,
				11E3FCF01E63B8E700875339 /* Extensions */,
				11E3FCF11E63B8E700875339 /* Helpers */,
				11E3FCF21E63B8E700875339 /* Models */,
				11E3FCF31E63B8E700875339 /* Services */,
				11E3FCF41E63B8E700875339 /* Storyboards */,
				11E3FCF91E63B8E700875339 /* ViewControllers */,
				55961ACC1E6FE18F0032DFD6 /* SupportedFiles */,
				11E3FCDE1E63B64400875339 /* AppDelegate.swift */,
				11E3FCEA1E63B64400875339 /* Info.plist */,
				114416FF1E640AFB00B95D18 /* GoogleService-Info.plist */,
				08DE10311E71471600F3CF3C /* Assets.xcassets */,
			);
			path = iPitch;
			sourceTree = "<group>";
		};
		11E3FCF01E63B8E700875339 /* Extensions */ = {
			isa = PBXGroup;
			children = (
				11E3FD061E63BA3B00875339 /* UIView+Extension.swift */,
				08362CAE1E6D3DFD00FDB83F /* UIImageView+Extension.swift */,
				1128A2551E6D2FB2000DDBC0 /* Date+Extension.swift */,
				1128A2571E6D2FC0000DDBC0 /* String+Extension.swift */,
				11DEF7B21E6FBADE002D7E81 /* GMSMapView+Extension.swift */,
				11DEF7B41E6FDF79002D7E81 /* UIViewController+Extension.swift */,
				11DEF7B61E6FE65B002D7E81 /* UIStoryboard+Extension.swift */,
			);
			path = Extensions;
			sourceTree = "<group>";
		};
		11E3FCF11E63B8E700875339 /* Helpers */ = {
			isa = PBXGroup;
			children = (
				55125A8C1E66D7E500A3D373 /* WindowManager.swift */,
				11E3FD001E63B98E00875339 /* Constants.swift */,
			);
			path = Helpers;
			sourceTree = "<group>";
		};
		11E3FCF21E63B8E700875339 /* Models */ = {
			isa = PBXGroup;
			children = (
				11A359CA1E665F4200ABEF43 /* Order.swift */,
				11A359CB1E665F4200ABEF43 /* Pitch.swift */,
				114417031E64206400B95D18 /* District.swift */,
				55A125C51E67BC0600456844 /* User.swift */,
			);
			path = Models;
			sourceTree = "<group>";
		};
		11E3FCF31E63B8E700875339 /* Services */ = {
			isa = PBXGroup;
			children = (
				11A359D01E66809500ABEF43 /* StorageService.swift */,
				114417091E6432BD00B95D18 /* PitchService.swift */,
				1144170B1E64334700B95D18 /* OrderService.swift */,
				11A359CE1E66754200ABEF43 /* DistrictService.swift */,
				0838B1E21E6555190053335D /* DirectionService.swift */,
			);
			path = Services;
			sourceTree = "<group>";
		};
		11E3FCF41E63B8E700875339 /* Storyboards */ = {
			isa = PBXGroup;
			children = (
				11E3FCF51E63B8E700875339 /* LaunchScreen.storyboard */,
				11E3FCF61E63B8E700875339 /* Main.storyboard */,
				55FA97CB1E6578610052C22C /* MapIPitch.storyboard */,
				11C60E1B1E68FBB2001D8CC8 /* PitchExtra.storyboard */,
				550C11991E6E6CCC008F3C51 /* Manager.storyboard */,
				117E30A91E6E6F0C0050335F /* OrderExtra.storyboard */,
			);
			path = Storyboards;
			sourceTree = "<group>";
		};
		11E3FCF91E63B8E700875339 /* ViewControllers */ = {
			isa = PBXGroup;
			children = (
				55C58FCB1E69880C00736674 /* MainViewController.swift */,
				55BCB36C1E69508C00D8B7E7 /* ManagerFlow */,
				11E3FCFB1E63B8E700875339 /* UserFlow */,
			);
			path = ViewControllers;
			sourceTree = "<group>";
		};
		11E3FCFB1E63B8E700875339 /* UserFlow */ = {
			isa = PBXGroup;
			children = (
				08F5A8A41E6D5C9300878E22 /* MapIPitchControllers.swift */,
				08F5A8A51E6D5C9300878E22 /* StadiumCell.swift */,
				086E09251E6FD39C00BBF924 /* SearchViewController.swift */,
			);
			path = UserFlow;
			sourceTree = "<group>";
		};
		55961ACC1E6FE18F0032DFD6 /* SupportedFiles */ = {
			isa = PBXGroup;
			children = (
				55961AD71E6FE22F0032DFD6 /* Localizable.strings */,
				55961AD01E6FE2020032DFD6 /* InfoPlist.strings */,
			);
			path = SupportedFiles;
			sourceTree = "<group>";
		};
		55BCB36C1E69508C00D8B7E7 /* ManagerFlow */ = {
			isa = PBXGroup;
			children = (
				555F33871E64262400E6851F /* LoginViewController.swift */,
				555F33891E64265F00E6851F /* RegisterViewController.swift */,
				558390AB1E69026700EBBE21 /* PitchListTableViewController.swift */,
				558390AD1E6902CD00EBBE21 /* PitchListCell.swift */,
				558390AE1E6902CD00EBBE21 /* PitchListCell.xib */,
				5547D2261E6E5D6B00231BE2 /* PitchDetailViewController.swift */,
				113207271E691AEE008110C3 /* EditPitchViewController.swift */,
				1187459D1E6922E600BC8664 /* PickerViewController.swift */,
				1128A25B1E6D4B8E000DDBC0 /* BigMapViewController.swift */,
				11DEF7B01E6FB122002D7E81 /* PitchInfoViewController.swift */,
				117E30AB1E6E70BD0050335F /* OrderViewController.swift */,
			);
			path = ManagerFlow;
			sourceTree = "<group>";
		};
		68F2230D5DDBEC6A237A9795 /* Frameworks */ = {
			isa = PBXGroup;
			children = (
				32035D11ED8A0A1652AB1A1A /* Pods_iPitch.framework */,
			);
			name = Frameworks;
			sourceTree = "<group>";
		};
		BA97C5ED8D2A4EB9E5A6F250 /* Pods */ = {
			isa = PBXGroup;
			children = (
				2E0E84E920B86790F5EDD666 /* Pods-iPitch.debug.xcconfig */,
				AAE7DE31520837DD485E60FD /* Pods-iPitch.release.xcconfig */,
			);
			name = Pods;
			sourceTree = "<group>";
		};
/* End PBXGroup section */

/* Begin PBXNativeTarget section */
		11E3FCDA1E63B64400875339 /* iPitch */ = {
			isa = PBXNativeTarget;
			buildConfigurationList = 11E3FCED1E63B64400875339 /* Build configuration list for PBXNativeTarget "iPitch" */;
			buildPhases = (
				1D966592A54EE41A9F0E0D23 /* [CP] Check Pods Manifest.lock */,
				11E3FCD71E63B64400875339 /* Sources */,
				11E3FCD81E63B64400875339 /* Frameworks */,
				11E3FCD91E63B64400875339 /* Resources */,
				5C1654311608F9475636E9BA /* [CP] Embed Pods Frameworks */,
				DD7904640AD7B0FF90B99530 /* [CP] Copy Pods Resources */,
			);
			buildRules = (
			);
			dependencies = (
			);
			name = iPitch;
			productName = iPitch;
			productReference = 11E3FCDB1E63B64400875339 /* iPitch.app */;
			productType = "com.apple.product-type.application";
		};
/* End PBXNativeTarget section */

/* Begin PBXProject section */
		11E3FCD31E63B64400875339 /* Project object */ = {
			isa = PBXProject;
			attributes = {
				LastSwiftUpdateCheck = 0820;
				LastUpgradeCheck = 0820;
				ORGANIZATIONNAME = Framgia;
				TargetAttributes = {
					11E3FCDA1E63B64400875339 = {
						CreatedOnToolsVersion = 8.2.1;
						DevelopmentTeam = K6ZTG96ZCP;
						ProvisioningStyle = Manual;
					};
				};
			};
			buildConfigurationList = 11E3FCD61E63B64400875339 /* Build configuration list for PBXProject "iPitch" */;
			compatibilityVersion = "Xcode 3.2";
			developmentRegion = English;
			hasScannedForEncodings = 0;
			knownRegions = (
				en,
				Base,
				vi,
			);
			mainGroup = 11E3FCD21E63B64400875339;
			productRefGroup = 11E3FCDC1E63B64400875339 /* Products */;
			projectDirPath = "";
			projectRoot = "";
			targets = (
				11E3FCDA1E63B64400875339 /* iPitch */,
			);
		};
/* End PBXProject section */

/* Begin PBXResourcesBuildPhase section */
		11E3FCD91E63B64400875339 /* Resources */ = {
			isa = PBXResourcesBuildPhase;
			buildActionMask = 2147483647;
			files = (
				08F5A8A91E6D5FEF00878E22 /* GoogleService-Info.plist in Resources */,
				08F5A8A81E6D5E6900878E22 /* MapIPitch.storyboard in Resources */,
				11E3FCFE1E63B8E700875339 /* Main.storyboard in Resources */,
				11E3FCFD1E63B8E700875339 /* LaunchScreen.storyboard in Resources */,
				55961AD91E6FE22F0032DFD6 /* Localizable.strings in Resources */,
				117E30AA1E6E6F0C0050335F /* OrderExtra.storyboard in Resources */,
				08DE10321E71471600F3CF3C /* Assets.xcassets in Resources */,
				11C60E1C1E68FBB2001D8CC8 /* PitchExtra.storyboard in Resources */,
				558390B01E6902CD00EBBE21 /* PitchListCell.xib in Resources */,
				550C119A1E6E6CCC008F3C51 /* Manager.storyboard in Resources */,
				55961AD51E6FE2020032DFD6 /* InfoPlist.strings in Resources */,
			);
			runOnlyForDeploymentPostprocessing = 0;
		};
/* End PBXResourcesBuildPhase section */

/* Begin PBXShellScriptBuildPhase section */
		1D966592A54EE41A9F0E0D23 /* [CP] Check Pods Manifest.lock */ = {
			isa = PBXShellScriptBuildPhase;
			buildActionMask = 2147483647;
			files = (
			);
			inputPaths = (
			);
			name = "[CP] Check Pods Manifest.lock";
			outputPaths = (
			);
			runOnlyForDeploymentPostprocessing = 0;
			shellPath = /bin/sh;
			shellScript = "diff \"${PODS_ROOT}/../Podfile.lock\" \"${PODS_ROOT}/Manifest.lock\" > /dev/null\nif [ $? != 0 ] ; then\n    # print error to STDERR\n    echo \"error: The sandbox is not in sync with the Podfile.lock. Run 'pod install' or update your CocoaPods installation.\" >&2\n    exit 1\nfi\n";
			showEnvVarsInLog = 0;
		};
		5C1654311608F9475636E9BA /* [CP] Embed Pods Frameworks */ = {
			isa = PBXShellScriptBuildPhase;
			buildActionMask = 2147483647;
			files = (
			);
			inputPaths = (
			);
			name = "[CP] Embed Pods Frameworks";
			outputPaths = (
			);
			runOnlyForDeploymentPostprocessing = 0;
			shellPath = /bin/sh;
			shellScript = "\"${SRCROOT}/Pods/Target Support Files/Pods-iPitch/Pods-iPitch-frameworks.sh\"\n";
			showEnvVarsInLog = 0;
		};
		DD7904640AD7B0FF90B99530 /* [CP] Copy Pods Resources */ = {
			isa = PBXShellScriptBuildPhase;
			buildActionMask = 2147483647;
			files = (
			);
			inputPaths = (
			);
			name = "[CP] Copy Pods Resources";
			outputPaths = (
			);
			runOnlyForDeploymentPostprocessing = 0;
			shellPath = /bin/sh;
			shellScript = "\"${SRCROOT}/Pods/Target Support Files/Pods-iPitch/Pods-iPitch-resources.sh\"\n";
			showEnvVarsInLog = 0;
		};
/* End PBXShellScriptBuildPhase section */

/* Begin PBXSourcesBuildPhase section */
		11E3FCD71E63B64400875339 /* Sources */ = {
			isa = PBXSourcesBuildPhase;
			buildActionMask = 2147483647;
			files = (
				1144170A1E6432BD00B95D18 /* PitchService.swift in Sources */,
				08F5A8A61E6D5C9300878E22 /* MapIPitchControllers.swift in Sources */,
				1128A2581E6D2FC0000DDBC0 /* String+Extension.swift in Sources */,
				117E30AC1E6E70BD0050335F /* OrderViewController.swift in Sources */,
				11E3FD071E63BA3B00875339 /* UIView+Extension.swift in Sources */,
				113207281E691AEE008110C3 /* EditPitchViewController.swift in Sources */,
				11DEF7B71E6FE65B002D7E81 /* UIStoryboard+Extension.swift in Sources */,
				11E3FCDF1E63B64400875339 /* AppDelegate.swift in Sources */,
				1128A2561E6D2FB2000DDBC0 /* Date+Extension.swift in Sources */,
				5547D2271E6E5D6B00231BE2 /* PitchDetailViewController.swift in Sources */,
				11A359CC1E665F4200ABEF43 /* Order.swift in Sources */,
				0838B1E31E6555190053335D /* DirectionService.swift in Sources */,
				55C58FCC1E69880C00736674 /* MainViewController.swift in Sources */,
				11DEF7B51E6FDF79002D7E81 /* UIViewController+Extension.swift in Sources */,
				558390AC1E69026700EBBE21 /* PitchListTableViewController.swift in Sources */,
				558390AF1E6902CD00EBBE21 /* PitchListCell.swift in Sources */,
				11DEF7B31E6FBADE002D7E81 /* GMSMapView+Extension.swift in Sources */,
				55125A8D1E66D7E500A3D373 /* WindowManager.swift in Sources */,
				114417041E64206400B95D18 /* District.swift in Sources */,
				11DEF7B11E6FB122002D7E81 /* PitchInfoViewController.swift in Sources */,
				11A359CD1E665F4200ABEF43 /* Pitch.swift in Sources */,
				11A359D11E66809500ABEF43 /* StorageService.swift in Sources */,
				08362CAF1E6D3DFD00FDB83F /* UIImageView+Extension.swift in Sources */,
				1128A25C1E6D4B8E000DDBC0 /* BigMapViewController.swift in Sources */,
				1144170C1E64334700B95D18 /* OrderService.swift in Sources */,
				555C42F71E69563500DB9183 /* LoginViewController.swift in Sources */,
				555C42F81E69563A00DB9183 /* RegisterViewController.swift in Sources */,
				11E3FD011E63B98E00875339 /* Constants.swift in Sources */,
				1187459E1E6922E600BC8664 /* PickerViewController.swift in Sources */,
				11A359CF1E66754200ABEF43 /* DistrictService.swift in Sources */,
				55A125C61E67BC0600456844 /* User.swift in Sources */,
				08362CA91E6D33F100FDB83F /* ImageStore.swift in Sources */,
				08F5A8A71E6D5C9300878E22 /* StadiumCell.swift in Sources */,
				086E09261E6FD39C00BBF924 /* SearchViewController.swift in Sources */,
			);
			runOnlyForDeploymentPostprocessing = 0;
		};
/* End PBXSourcesBuildPhase section */

/* Begin PBXVariantGroup section */
		55961AD71E6FE22F0032DFD6 /* Localizable.strings */ = {
			isa = PBXVariantGroup;
			children = (
				55961AD81E6FE22F0032DFD6 /* Base */,
				55961ADA1E6FE2370032DFD6 /* vi */,
			);
			name = Localizable.strings;
			sourceTree = "<group>";
		};
/* End PBXVariantGroup section */

/* Begin XCBuildConfiguration section */
		11E3FCEB1E63B64400875339 /* Debug */ = {
			isa = XCBuildConfiguration;
			buildSettings = {
				ALWAYS_SEARCH_USER_PATHS = NO;
				CLANG_ANALYZER_LOCALIZABILITY_NONLOCALIZED = YES;
				CLANG_ANALYZER_NONNULL = YES;
				CLANG_CXX_LANGUAGE_STANDARD = "gnu++0x";
				CLANG_CXX_LIBRARY = "libc++";
				CLANG_ENABLE_MODULES = YES;
				CLANG_ENABLE_OBJC_ARC = YES;
				CLANG_WARN_BOOL_CONVERSION = YES;
				CLANG_WARN_CONSTANT_CONVERSION = YES;
				CLANG_WARN_DIRECT_OBJC_ISA_USAGE = YES_ERROR;
				CLANG_WARN_DOCUMENTATION_COMMENTS = YES;
				CLANG_WARN_EMPTY_BODY = YES;
				CLANG_WARN_ENUM_CONVERSION = YES;
				CLANG_WARN_INFINITE_RECURSION = YES;
				CLANG_WARN_INT_CONVERSION = YES;
				CLANG_WARN_OBJC_ROOT_CLASS = YES_ERROR;
				CLANG_WARN_SUSPICIOUS_MOVE = YES;
				CLANG_WARN_UNREACHABLE_CODE = YES;
				CLANG_WARN__DUPLICATE_METHOD_MATCH = YES;
				"CODE_SIGN_IDENTITY[sdk=iphoneos*]" = "iPhone Developer";
				COPY_PHASE_STRIP = NO;
				DEBUG_INFORMATION_FORMAT = dwarf;
				ENABLE_STRICT_OBJC_MSGSEND = YES;
				ENABLE_TESTABILITY = YES;
				GCC_C_LANGUAGE_STANDARD = gnu99;
				GCC_DYNAMIC_NO_PIC = NO;
				GCC_NO_COMMON_BLOCKS = YES;
				GCC_OPTIMIZATION_LEVEL = 0;
				GCC_PREPROCESSOR_DEFINITIONS = (
					"DEBUG=1",
					"$(inherited)",
				);
				GCC_WARN_64_TO_32_BIT_CONVERSION = YES;
				GCC_WARN_ABOUT_RETURN_TYPE = YES_ERROR;
				GCC_WARN_UNDECLARED_SELECTOR = YES;
				GCC_WARN_UNINITIALIZED_AUTOS = YES_AGGRESSIVE;
				GCC_WARN_UNUSED_FUNCTION = YES;
				GCC_WARN_UNUSED_VARIABLE = YES;
				IPHONEOS_DEPLOYMENT_TARGET = 10.2;
				MTL_ENABLE_DEBUG_INFO = YES;
				ONLY_ACTIVE_ARCH = YES;
				SDKROOT = iphoneos;
				SWIFT_ACTIVE_COMPILATION_CONDITIONS = DEBUG;
				SWIFT_OPTIMIZATION_LEVEL = "-Onone";
			};
			name = Debug;
		};
		11E3FCEC1E63B64400875339 /* Release */ = {
			isa = XCBuildConfiguration;
			buildSettings = {
				ALWAYS_SEARCH_USER_PATHS = NO;
				CLANG_ANALYZER_LOCALIZABILITY_NONLOCALIZED = YES;
				CLANG_ANALYZER_NONNULL = YES;
				CLANG_CXX_LANGUAGE_STANDARD = "gnu++0x";
				CLANG_CXX_LIBRARY = "libc++";
				CLANG_ENABLE_MODULES = YES;
				CLANG_ENABLE_OBJC_ARC = YES;
				CLANG_WARN_BOOL_CONVERSION = YES;
				CLANG_WARN_CONSTANT_CONVERSION = YES;
				CLANG_WARN_DIRECT_OBJC_ISA_USAGE = YES_ERROR;
				CLANG_WARN_DOCUMENTATION_COMMENTS = YES;
				CLANG_WARN_EMPTY_BODY = YES;
				CLANG_WARN_ENUM_CONVERSION = YES;
				CLANG_WARN_INFINITE_RECURSION = YES;
				CLANG_WARN_INT_CONVERSION = YES;
				CLANG_WARN_OBJC_ROOT_CLASS = YES_ERROR;
				CLANG_WARN_SUSPICIOUS_MOVE = YES;
				CLANG_WARN_UNREACHABLE_CODE = YES;
				CLANG_WARN__DUPLICATE_METHOD_MATCH = YES;
				"CODE_SIGN_IDENTITY[sdk=iphoneos*]" = "iPhone Developer";
				COPY_PHASE_STRIP = NO;
				DEBUG_INFORMATION_FORMAT = "dwarf-with-dsym";
				ENABLE_NS_ASSERTIONS = NO;
				ENABLE_STRICT_OBJC_MSGSEND = YES;
				GCC_C_LANGUAGE_STANDARD = gnu99;
				GCC_NO_COMMON_BLOCKS = YES;
				GCC_WARN_64_TO_32_BIT_CONVERSION = YES;
				GCC_WARN_ABOUT_RETURN_TYPE = YES_ERROR;
				GCC_WARN_UNDECLARED_SELECTOR = YES;
				GCC_WARN_UNINITIALIZED_AUTOS = YES_AGGRESSIVE;
				GCC_WARN_UNUSED_FUNCTION = YES;
				GCC_WARN_UNUSED_VARIABLE = YES;
				IPHONEOS_DEPLOYMENT_TARGET = 10.2;
				MTL_ENABLE_DEBUG_INFO = NO;
				SDKROOT = iphoneos;
				SWIFT_OPTIMIZATION_LEVEL = "-Owholemodule";
				VALIDATE_PRODUCT = YES;
			};
			name = Release;
		};
		11E3FCEE1E63B64400875339 /* Debug */ = {
			isa = XCBuildConfiguration;
			baseConfigurationReference = 2E0E84E920B86790F5EDD666 /* Pods-iPitch.debug.xcconfig */;
			buildSettings = {
				ASSETCATALOG_COMPILER_APPICON_NAME = AppIcon;
				"CODE_SIGN_IDENTITY[sdk=iphoneos*]" = "iPhone Developer";
				DEVELOPMENT_TEAM = K6ZTG96ZCP;
				INFOPLIST_FILE = iPitch/Info.plist;
				IPHONEOS_DEPLOYMENT_TARGET = 8.0;
				LD_RUNPATH_SEARCH_PATHS = "$(inherited) @executable_path/Frameworks";
				PRODUCT_BUNDLE_IDENTIFIER = com.framgia.iPitch;
				PRODUCT_NAME = "$(TARGET_NAME)";
				PROVISIONING_PROFILE = "dde48af0-e8f1-44bb-a8c2-7608e645341e";
				PROVISIONING_PROFILE_SPECIFIER = iPitchDev;
				SWIFT_VERSION = 3.0;
			};
			name = Debug;
		};
		11E3FCEF1E63B64400875339 /* Release */ = {
			isa = XCBuildConfiguration;
			baseConfigurationReference = AAE7DE31520837DD485E60FD /* Pods-iPitch.release.xcconfig */;
			buildSettings = {
				ASSETCATALOG_COMPILER_APPICON_NAME = AppIcon;
				"CODE_SIGN_IDENTITY[sdk=iphoneos*]" = "iPhone Distribution";
				DEVELOPMENT_TEAM = K6ZTG96ZCP;
				INFOPLIST_FILE = iPitch/Info.plist;
				IPHONEOS_DEPLOYMENT_TARGET = 8.0;
				LD_RUNPATH_SEARCH_PATHS = "$(inherited) @executable_path/Frameworks";
				PRODUCT_BUNDLE_IDENTIFIER = com.framgia.iPitch;
				PRODUCT_NAME = "$(TARGET_NAME)";
				PROVISIONING_PROFILE = "500504c9-852b-4553-8bb5-6318076e8215";
				PROVISIONING_PROFILE_SPECIFIER = iPitchDis;
				SWIFT_VERSION = 3.0;
			};
			name = Release;
		};
/* End XCBuildConfiguration section */

/* Begin XCConfigurationList section */
		11E3FCD61E63B64400875339 /* Build configuration list for PBXProject "iPitch" */ = {
			isa = XCConfigurationList;
			buildConfigurations = (
				11E3FCEB1E63B64400875339 /* Debug */,
				11E3FCEC1E63B64400875339 /* Release */,
			);
			defaultConfigurationIsVisible = 0;
			defaultConfigurationName = Release;
		};
		11E3FCED1E63B64400875339 /* Build configuration list for PBXNativeTarget "iPitch" */ = {
			isa = XCConfigurationList;
			buildConfigurations = (
				11E3FCEE1E63B64400875339 /* Debug */,
				11E3FCEF1E63B64400875339 /* Release */,
			);
			defaultConfigurationIsVisible = 0;
			defaultConfigurationName = Release;
		};
/* End XCConfigurationList section */
	};
	rootObject = 11E3FCD31E63B64400875339 /* Project object */;
}
